{
  "lockfileVersion": 1,
  "configVersion": 1,
  "workspaces": {
    "": {
      "name": "tradstry-projector",
      "dependencies": {
        "@lexical/code": "0.46.0",
        "@lexical/headless": "0.46.0",
        "@lexical/link": "0.46.0",
        "@lexical/list": "0.46.0",
        "@lexical/markdown": "0.46.0",
        "@lexical/react": "0.46.0",
        "@lexical/rich-text": "0.46.0",
        "@lexical/table": "0.46.0",
        "@lexical/yjs": "0.46.0",
        "lexical": "0.46.0",
        "yjs": "13.6.31",
      },
    },
  },
  "packages": {
    "@floating-ui/core": ["@floating-ui/core@1.7.5", "", { "dependencies": { "@floating-ui/utils": "^0.2.11" } }, "sha512-1Ih4WTWyw0+lKyFMcBHGbb5U5FtuHJuujoyyr5zTaWS5EYMeT6Jb2AuDeftsCsEuchO+mM2ij5+q9crhydzLhQ=="],

    "@floating-ui/dom": ["@floating-ui/dom@1.7.6", "", { "dependencies": { "@floating-ui/core": "^1.7.5", "@floating-ui/utils": "^0.2.11" } }, "sha512-9gZSAI5XM36880PPMm//9dfiEngYoC6Am2izES1FF406YFsjvyBMmeJ2g4SAju3xWwtuynNRFL2s9hgxpLI5SQ=="],

    "@floating-ui/react": ["@floating-ui/react@0.27.19", "", { "dependencies": { "@floating-ui/react-dom": "^2.1.8", "@floating-ui/utils": "^0.2.11", "tabbable": "^6.0.0" }, "peerDependencies": { "react": ">=17.0.0", "react-dom": ">=17.0.0" } }, "sha512-31B8h5mm8YxotlE7/AU/PhNAl8eWxAmjL/v2QOxroDNkTFLk3Uu82u63N3b6TXa4EGJeeZLVcd/9AlNlVqzeog=="],

    "@floating-ui/react-dom": ["@floating-ui/react-dom@2.1.8", "", { "dependencies": { "@floating-ui/dom": "^1.7.6" }, "peerDependencies": { "react": ">=16.8.0", "react-dom": ">=16.8.0" } }, "sha512-cC52bHwM/n/CxS87FH0yWdngEZrjdtLW/qVruo68qg+prK7ZQ4YGdut2GyDVpoGeAYe/h899rVeOVm6Oi40k2A=="],

    "@floating-ui/utils": ["@floating-ui/utils@0.2.11", "", {}, "sha512-RiB/yIh78pcIxl6lLMG0CgBXAZ2Y0eVHqMPYugu+9U0AeT6YBeiJpf7lbdJNIugFP5SIjwNRgo4DhR1Qxi26Gg=="],

    "@lexical/clipboard": ["@lexical/clipboard@0.46.0", "", { "dependencies": { "@lexical/extension": "0.46.0", "@lexical/html": "0.46.0", "@lexical/internal": "0.46.0", "@lexical/list": "0.46.0", "@lexical/selection": "0.46.0", "@lexical/utils": "0.46.0", "@types/trusted-types": "^2.0.7", "lexical": "0.46.0" }, "peerDependencies": { "typescript": ">=5.2" }, "optionalPeers": ["typescript"] }, "sha512-c7lQeORx5+2tfc9+xnHDPBT097t9KdWW3a/kg/ThliokHOkaYz6OeM2z53uID/OOpRGao8FRO5vw9rz5ZAhg+w=="],

    "@lexical/code": ["@lexical/code@0.46.0", "", { "dependencies": { "@lexical/code-core": "0.46.0", "@lexical/code-prism": "0.46.0", "@lexical/extension": "0.46.0", "lexical": "0.46.0" }, "peerDependencies": { "typescript": ">=5.2" }, "optionalPeers": ["typescript"] }, "sha512-821oN8eH9ULinLO9P9+qrdejqm+S5/A28UnLzf5qiUJjCfvVGtf2Y0yVmHrBDHG0Dw7lnm2N2/7UTSr+JnA59A=="],

    "@lexical/code-core": ["@lexical/code-core@0.46.0", "", { "dependencies": { "@lexical/extension": "0.46.0", "@lexical/html": "0.46.0", "@lexical/internal": "0.46.0", "@lexical/utils": "0.46.0", "lexical": "0.46.0" }, "peerDependencies": { "typescript": ">=5.2" }, "optionalPeers": ["typescript"] }, "sha512-ljlMBSvjTwKVNV7myEr4xJRGTDsJ3kcjHi6rZuBteZExnd/tD44oSY3TSa1jgy+TqiXkEdUpWQYqmnwMsOJrlQ=="],

    "@lexical/code-prism": ["@lexical/code-prism@0.46.0", "", { "dependencies": { "@lexical/code-core": "0.46.0", "@lexical/extension": "0.46.0", "lexical": "0.46.0", "prismjs": "^1.30.0" }, "peerDependencies": { "typescript": ">=5.2" }, "optionalPeers": ["typescript"] }, "sha512-M1Zt+kvQ4Zmootp8m39WmSsY1N7AEV30WJGP7oUG8CAvmvfsQPQwUYPjyWL6xyIDGxhQ/5CVu/DJ7D78Wk3uoQ=="],

    "@lexical/devtools-core": ["@lexical/devtools-core@0.46.0", "", { "dependencies": { "@lexical/html": "0.46.0", "@lexical/link": "0.46.0", "@lexical/mark": "0.46.0", "@lexical/table": "0.46.0", "@lexical/utils": "0.46.0", "lexical": "0.46.0" }, "peerDependencies": { "react": ">=17.x", "react-dom": ">=17.x", "typescript": ">=5.2" }, "optionalPeers": ["typescript"] }, "sha512-9J5dRO/tZXM/ROeSRvnkfMvfGa4AbOjDQmVFhK1WiuoPNBoC45m4hijE4R3/l/Z6xvjinc804PfAsAxVjgVVnA=="],

    "@lexical/dragon": ["@lexical/dragon@0.46.0", "", { "dependencies": { "@lexical/extension": "0.46.0", "lexical": "0.46.0" }, "peerDependencies": { "typescript": ">=5.2" }, "optionalPeers": ["typescript"] }, "sha512-/PIjscXlD0jp3Bj5MWJ+y1WZsVxagsqnnzOkqdDStM3033soj/2cI7tysMU/7XAEJtMBk1bTJdDvmDHM/bn/rg=="],

    "@lexical/extension": ["@lexical/extension@0.46.0", "", { "dependencies": { "@lexical/internal": "0.46.0", "@lexical/utils": "0.46.0", "@preact/signals-core": "^1.14.1", "lexical": "0.46.0" }, "peerDependencies": { "typescript": ">=5.2" }, "optionalPeers": ["typescript"] }, "sha512-bdO/ON5dwVwtqeTes/+My/sRU7vNuH3W8ovJ2yffXRFmAxVtzKr6/6TYJWwtUvncQjvTHEKAo5MqWUoQXp8VMw=="],

    "@lexical/hashtag": ["@lexical/hashtag@0.46.0", "", { "dependencies": { "@lexical/text": "0.46.0", "@lexical/utils": "0.46.0", "lexical": "0.46.0" }, "peerDependencies": { "typescript": ">=5.2" }, "optionalPeers": ["typescript"] }, "sha512-6XiL5/KXyCxR+oD7fWjJL3enqsrkn4hgjEa13wAQrBZ5W+avFl/9Cd5bkwcXS+jPjmhk47+zYj76l6uuiFoMoQ=="],

    "@lexical/headless": ["@lexical/headless@0.46.0", "", { "dependencies": { "@lexical/internal": "0.46.0", "happy-dom": "^20.9.0", "lexical": "0.46.0" }, "peerDependencies": { "typescript": ">=5.2" }, "optionalPeers": ["typescript"] }, "sha512-I7TkYchbgEUsntH2TcDvGBVw/wiP2ARpFfuzVotCcmaujBioZG329UEMs7tNl6F3ApfuCOk55BFEU7DG9KgFgA=="],

    "@lexical/history": ["@lexical/history@0.46.0", "", { "dependencies": { "@lexical/extension": "0.46.0", "@lexical/utils": "0.46.0", "lexical": "0.46.0" }, "peerDependencies": { "typescript": ">=5.2" }, "optionalPeers": ["typescript"] }, "sha512-PbbyXVfbm/RBS/hkPJrAGd6DYZ8/4E+nyPaiArwo4WGYQBoEXc2dU+dwAcIrhwVVXuOVrkm9Hp0cZYl4hKM8qQ=="],

    "@lexical/html": ["@lexical/html@0.46.0", "", { "dependencies": { "@lexical/extension": "0.46.0", "@lexical/internal": "0.46.0", "@lexical/selection": "0.46.0", "@lexical/utils": "0.46.0", "lexical": "0.46.0" }, "peerDependencies": { "typescript": ">=5.2" }, "optionalPeers": ["typescript"] }, "sha512-Rvke8FvQkjd+hFBCe39YdQxPQZZ/7W95xilY3qFxmSZaW0zakcA8pItaf7HfueG8Ja6jDu/TOMH4LUeyQPT3HQ=="],

    "@lexical/internal": ["@lexical/internal@0.46.0", "", { "peerDependencies": { "typescript": ">=5.2" }, "optionalPeers": ["typescript"] }, "sha512-OV1ePAAnVVd0K+Bq5SX7vOKE/LqJLYcDM4HD4zVCisbgVaznE+pTj/nDB2uWTidwf8o7QhPR65VhEi+KkUtyEw=="],

    "@lexical/link": ["@lexical/link@0.46.0", "", { "dependencies": { "@lexical/extension": "0.46.0", "@lexical/html": "0.46.0", "@lexical/internal": "0.46.0", "@lexical/utils": "0.46.0", "lexical": "0.46.0" }, "peerDependencies": { "typescript": ">=5.2" }, "optionalPeers": ["typescript"] }, "sha512-MdGiAOAmqnZKtfaQxKFZv18SC+1zJIOfqB7bR43va/rp4M3u1cVniquUCTALub40WEWTuJgT2XvfSlpKm7FuXA=="],

    "@lexical/list": ["@lexical/list@0.46.0", "", { "dependencies": { "@lexical/extension": "0.46.0", "@lexical/html": "0.46.0", "@lexical/internal": "0.46.0", "@lexical/utils": "0.46.0", "lexical": "0.46.0" }, "peerDependencies": { "typescript": ">=5.2" }, "optionalPeers": ["typescript"] }, "sha512-nIX3k05MFAhWZvVXZBZB7LTS1DhsCF2iCFH2WDYebwJfADTnAqhE/ZCAJax84RRMjYla67JU31br9r+P6KR+hA=="],

    "@lexical/mark": ["@lexical/mark@0.46.0", "", { "dependencies": { "@lexical/utils": "0.46.0", "lexical": "0.46.0" }, "peerDependencies": { "typescript": ">=5.2" }, "optionalPeers": ["typescript"] }, "sha512-WRpMATEhci3LxCgF4wN3mX2IIctTN5Zx8GQZU4rtbVBWHaYRA0azpyzsHeFJlpaaI0FJVMWfNQJ3QBeVIr6Ciw=="],

    "@lexical/markdown": ["@lexical/markdown@0.46.0", "", { "dependencies": { "@lexical/code-core": "0.46.0", "@lexical/internal": "0.46.0", "@lexical/link": "0.46.0", "@lexical/list": "0.46.0", "@lexical/rich-text": "0.46.0", "@lexical/selection": "0.46.0", "@lexical/text": "0.46.0", "@lexical/utils": "0.46.0", "lexical": "0.46.0" }, "peerDependencies": { "typescript": ">=5.2" }, "optionalPeers": ["typescript"] }, "sha512-2e/JFuS+7QEPLW4K2SOoYORpLXhdjFBh7l5OxAf8HljuFAvX0x9eFBxlWVG0Y00TFUMnOcUm1QnIo5l2e+0Cjg=="],

    "@lexical/overflow": ["@lexical/overflow@0.46.0", "", { "dependencies": { "lexical": "0.46.0" }, "peerDependencies": { "typescript": ">=5.2" }, "optionalPeers": ["typescript"] }, "sha512-VRa/VovH+FeuL9oyEjqF0zM2Nu4stgPs78Ek0mm9SR3EV1Cq58CoqjMvz/eH+4OsYMksFNfkxBg5f4a7QSAeDQ=="],

    "@lexical/plain-text": ["@lexical/plain-text@0.46.0", "", { "dependencies": { "@lexical/clipboard": "0.46.0", "@lexical/dragon": "0.46.0", "@lexical/extension": "0.46.0", "@lexical/selection": "0.46.0", "@lexical/utils": "0.46.0", "lexical": "0.46.0" }, "peerDependencies": { "typescript": ">=5.2" }, "optionalPeers": ["typescript"] }, "sha512-fH1MYHrilsho6hkpGHnjw2eFBeLaJzz5PY4LT9ZVxtliPB3YRKUYZLcP23fGidzOC2it2xvTkT9D7kFo7zTQug=="],

    "@lexical/react": ["@lexical/react@0.46.0", "", { "dependencies": { "@floating-ui/react": "^0.27.19", "@lexical/devtools-core": "0.46.0", "@lexical/dragon": "0.46.0", "@lexical/extension": "0.46.0", "@lexical/hashtag": "0.46.0", "@lexical/history": "0.46.0", "@lexical/internal": "0.46.0", "@lexical/link": "0.46.0", "@lexical/list": "0.46.0", "@lexical/mark": "0.46.0", "@lexical/markdown": "0.46.0", "@lexical/overflow": "0.46.0", "@lexical/plain-text": "0.46.0", "@lexical/rich-text": "0.46.0", "@lexical/table": "0.46.0", "@lexical/text": "0.46.0", "@lexical/utils": "0.46.0", "@lexical/yjs": "0.46.0", "lexical": "0.46.0" }, "peerDependencies": { "react": ">=17.x", "react-dom": ">=17.x", "typescript": ">=5.2", "yjs": ">=13.5.22" }, "optionalPeers": ["typescript", "yjs"] }, "sha512-yYz09UTTSVFFpU6Zku/m4LLGgg6qjnz83PoPf7rxx7/IuZHcJK6dCaApXZUdilMHf+A1gGG0W4UNXGjWVaX1nw=="],

    "@lexical/rich-text": ["@lexical/rich-text@0.46.0", "", { "dependencies": { "@lexical/clipboard": "0.46.0", "@lexical/dragon": "0.46.0", "@lexical/extension": "0.46.0", "@lexical/html": "0.46.0", "@lexical/selection": "0.46.0", "@lexical/utils": "0.46.0", "lexical": "0.46.0" }, "peerDependencies": { "typescript": ">=5.2" }, "optionalPeers": ["typescript"] }, "sha512-YwERYF7bOGZOmulxzyHID+gUkxCbTbn73pqow8GyasAdwlbTiiyqKSUp3fXC3prcMftQX8eg+SJNwkijvZk9yA=="],

    "@lexical/selection": ["@lexical/selection@0.46.0", "", { "dependencies": { "@lexical/internal": "0.46.0", "lexical": "0.46.0" }, "peerDependencies": { "typescript": ">=5.2" }, "optionalPeers": ["typescript"] }, "sha512-iWrztXnBl9x7DthlRefUCNHfY8lHU6AzDm7pIr3o7t1hoixDtTuiZ5cCw+PkShC/hZ8v7VuV+FaDNraSaTTkHA=="],

    "@lexical/table": ["@lexical/table@0.46.0", "", { "dependencies": { "@lexical/clipboard": "0.46.0", "@lexical/extension": "0.46.0", "@lexical/html": "0.46.0", "@lexical/internal": "0.46.0", "@lexical/utils": "0.46.0", "lexical": "0.46.0" }, "peerDependencies": { "typescript": ">=5.2" }, "optionalPeers": ["typescript"] }, "sha512-azgbCn+CxyGF2wVFB5Rmcx3wFKR9WKiGvJUUh8YDnMxL9LMWESfFy36XbedR140xUq0QoYTw8ZxBGMHE4ZiIIg=="],

    "@lexical/text": ["@lexical/text@0.46.0", "", { "dependencies": { "@lexical/internal": "0.46.0", "lexical": "0.46.0" }, "peerDependencies": { "typescript": ">=5.2" }, "optionalPeers": ["typescript"] }, "sha512-XjH6ry2vYOfTO1JOLdbjlZ8he8LjkFjLbVIk+1I/q+8vp5ADx5GK99KaQfBiPZb0WTJEkuqo4AELWn3sXMvAiw=="],

    "@lexical/utils": ["@lexical/utils@0.46.0", "", { "dependencies": { "@lexical/internal": "0.46.0", "@lexical/selection": "0.46.0", "lexical": "0.46.0" }, "peerDependencies": { "typescript": ">=5.2" }, "optionalPeers": ["typescript"] }, "sha512-s8XQDoBr1wyPKGqy3qyDeHvi+vMgOiszzcRdHvTd6AqWpXxw2MsDQzMdF3Nr56QHahcOYxMOcv+r7r2nnCcgCA=="],

    "@lexical/yjs": ["@lexical/yjs@0.46.0", "", { "dependencies": { "@lexical/internal": "0.46.0", "@lexical/selection": "0.46.0", "lexical": "0.46.0" }, "peerDependencies": { "typescript": ">=5.2", "yjs": ">=13.5.22" }, "optionalPeers": ["typescript"] }, "sha512-CsDD3NpmhoHjqnvbwQoTa3/lDYOCqlpBhRJcE14ERfngZ3PpoNu+YUW6IbhJ5PVFvtub8H3x8V9OjZ1IbHvZjg=="],

    "@preact/signals-core": ["@preact/signals-core@1.14.4", "", {}, "sha512-HNB6HYeYKhQbJ1aKl+YRjrS4+QWHLKX6qKoUsfS/m0vqzsVaEBiZiaKbG/e+NKk2ch5ALQr/ihWaMHxiCuuWHA=="],

    "@types/node": ["@types/node@26.1.1", "", { "dependencies": { "undici-types": "~8.3.0" } }, "sha512-nxAkRSVkN1Y0JC1W8ky/fTfkGsMmcrRsbx+3XoZE+rMOX71kLYTV7fLXpqud1GpbpP5TuffXFqfX7fH2GgZREw=="],

    "@types/trusted-types": ["@types/trusted-types@2.0.7", "", {}, "sha512-ScaPdn1dQczgbl0QFTeTOmVHFULt394XJgOQNoyVhZ6r2vLnMLJfBPd53SB52T/3G36VI1/g2MZaX0cwDuXsfw=="],

    "@types/whatwg-mimetype": ["@types/whatwg-mimetype@3.0.2", "", {}, "sha512-c2AKvDT8ToxLIOUlN51gTiHXflsfIFisS4pO7pDPoKouJCESkhZnEy623gwP9laCy5lnLDAw1vAzu2vM2YLOrA=="],

    "@types/ws": ["@types/ws@8.18.1", "", { "dependencies": { "@types/node": "*" } }, "sha512-ThVF6DCVhA8kUGy+aazFQ4kXQ7E1Ty7A3ypFOe0IcJV8O/M511G99AW24irKrW56Wt44yG9+ij8FaqoBGkuBXg=="],

    "buffer-image-size": ["buffer-image-size@0.6.4", "", { "dependencies": { "@types/node": "*" } }, "sha512-nEh+kZOPY1w+gcCMobZ6ETUp9WfibndnosbpwB1iJk/8Gt5ZF2bhS6+B6bPYz424KtwsR6Rflc3tCz1/ghX2dQ=="],

    "entities": ["entities@7.0.1", "", {}, "sha512-TWrgLOFUQTH994YUyl1yT4uyavY5nNB5muff+RtWaqNVCAK408b5ZnnbNAUEWLTCpum9w6arT70i1XdQ4UeOPA=="],

    "happy-dom": ["happy-dom@20.10.6", "", { "dependencies": { "@types/node": ">=20.0.0", "@types/whatwg-mimetype": "^3.0.2", "@types/ws": "^8.18.1", "buffer-image-size": "^0.6.4", "entities": "^7.0.1", "whatwg-mimetype": "^3.0.0", "ws": "^8.21.0" } }, "sha512-6QD0ilzDDt93tX44y8tbmZdAcdTRYDhUP+Asgi6pC8Pp5IA3cvaZGyoVN/EGtlq9ziT65iPuBBn3ASLr6hCgVw=="],

    "isomorphic.js": ["isomorphic.js@0.2.5", "", {}, "sha512-PIeMbHqMt4DnUP3MA/Flc0HElYjMXArsw1qwJZcm9sqR8mq3l8NYizFMty0pWwE/tzIGH3EKK5+jes5mAr85yw=="],

    "lexical": ["lexical@0.46.0", "", { "dependencies": { "@lexical/internal": "0.46.0" }, "peerDependencies": { "typescript": ">=5.2" }, "optionalPeers": ["typescript"] }, "sha512-oaE7OLY/FuqGKC7ihaqLJvgn/NvvRveryKBBgOwrSe+UIpBmc9IvyXf6hVcvew9M3Vc0XavHWe/ZAL7qc5DzMw=="],

    "lib0": ["lib0@0.2.117", "", { "dependencies": { "isomorphic.js": "^0.2.4" }, "bin": { "0serve": "bin/0serve.js", "0gentesthtml": "bin/gentesthtml.js", "0ecdsa-generate-keypair": "bin/0ecdsa-generate-keypair.js" } }, "sha512-DeXj9X5xDCjgKLU/7RR+/HQEVzuuEUiwldwOGsHK/sfAfELGWEyTcf0x+uOvCvK3O2zPmZePXWL85vtia6GyZw=="],

    "prismjs": ["prismjs@1.30.0", "", {}, "sha512-DEvV2ZF2r2/63V+tK8hQvrR2ZGn10srHbXviTlcv7Kpzw8jWiNTqbVgjO3IY8RxrrOUF8VPMQQFysYYYv0YZxw=="],

    "react": ["react@19.2.7", "", {}, "sha512-HNe9WslTbXmFK8o8cmwgAeJFSBvt1bPdHCVKtaaV+WlAN36mpT4hcRpwbf3fY56ar2oIXzsBpOAiIRHAdY0OlQ=="],

    "react-dom": ["react-dom@19.2.7", "", { "dependencies": { "scheduler": "^0.27.0" }, "peerDependencies": { "react": "^19.2.7" } }, "sha512-t0BRVXvbiE/o20Hfw669rLbMCDWtYZLvmJigy2f0MxsXF+71pxhR3xOkspmsO8h3ZlNzyibAmtCa3l4lYKk6gQ=="],

    "scheduler": ["scheduler@0.27.0", "", {}, "sha512-eNv+WrVbKu1f3vbYJT/xtiF5syA5HPIMtf9IgY/nKg0sWqzAUEvqY/xm7OcZc/qafLx/iO9FgOmeSAp4v5ti/Q=="],

    "tabbable": ["tabbable@6.5.0", "", {}, "sha512-wieBHXygIm7OyQOu5hQlkk62/WyCFYGlWg7L6/ZCUZwx0o398Zkn4pVmMyfYhfMG8kGrj/Krt8eIk6UKC6VzwA=="],

    "undici-types": ["undici-types@8.3.0", "", {}, "sha512-j375ScV60dom+YkPFIfTLcOiPxkN/buHz5GobjLhixFuANaNs3C9l4GmrWqejgXWJ7BbJcFYpTEUkS1Ge8bpZQ=="],

    "whatwg-mimetype": ["whatwg-mimetype@3.0.0", "", {}, "sha512-nt+N2dzIutVRxARx1nghPKGv1xHikU7HKdfafKkLNLindmPU/ch3U31NOCGGA/dmPcmb1VlofO0vnKAcsm0o/Q=="],

    "ws": ["ws@8.21.0", "", { "peerDependencies": { "bufferutil": "^4.0.1", "utf-8-validate": ">=5.0.2" }, "optionalPeers": ["bufferutil", "utf-8-validate"] }, "sha512-Vsp28b7DRcimFQvrqu2Wek3z1iYxDCWqHYB8Qsnk/S4RfaCQzPGPyBNuVjJV3cd6UiKtUtp6sNM77gWvzcCH+g=="],

    "yjs": ["yjs@13.6.31", "", { "dependencies": { "lib0": "^0.2.99" } }, "sha512-Eq+5BRfbeGyqGVrTJL3bEcr8gKkxPuyuoHmAwpk52fDb8kOVMrfVSTRPd6yiGgX5Fskb96qCRjzjbRjrL4YEnw=="],
  }
}
